<?xml version="1.0" encoding="utf-8"?>
<Project ToolsVersion="4.0" xmlns="http://schemas.microsoft.com/developer/msbuild/2003">
  <ItemGroup>
    <Filter Include="Source Files">
      <UniqueIdentifier>{4FC737F1-C7A5-4376-A066-2A32D752A2FF}</UniqueIdentifier>
      <Extensions>cpp;c;cc;cxx;def;odl;idl;hpj;bat;asm;asmx</Extensions>
    </Filter>
    <Filter Include="Header Files">
      <UniqueIdentifier>{93995380-89BD-4b04-88EB-625FBE52EBFB}</UniqueIdentifier>
      <Extensions>h;hh;hpp;hxx;hm;inl;inc;xsd</Extensions>
    </Filter>
    <Filter Include="Resource Files">
      <UniqueIdentifier>{67DA6AB6-F800-4c08-8B7A-83BB121AAD01}</UniqueIdentifier>
      <Extensions>rc;ico;cur;bmp;dlg;rc2;rct;bin;rgs;gif;jpg;jpeg;jpe;resx;tiff;tif;png;wav;mfcribbon-ms</Extensions>
    </Filter>
    <Filter Include="Form Files">
      <UniqueIdentifier>{99349809-55BA-4b9d-BF79-8FDBB0286EB3}</UniqueIdentifier>
      <Extensions>ui</Extensions>
    </Filter>
    <Filter Include="Resource Files">
      <UniqueIdentifier>{D9D6E242-F8AF-46E4-B9FD-80ECBC20BA3E}</UniqueIdentifier>
      <Extensions>qrc;*</Extensions>
      <ParseFiles>false</ParseFiles>
    </Filter>
    <Filter Include="lib">
      <UniqueIdentifier>{6340721c-f51f-4c0d-935c-2bc52b6fbe99}</UniqueIdentifier>
    </Filter>
    <Filter Include="lib\Motion">
      <UniqueIdentifier>{32e618e1-9a63-476a-afa1-9450f53c78bc}</UniqueIdentifier>
    </Filter>
    <Filter Include="lib\Motion\Header Files">
      <UniqueIdentifier>{28138e3e-5def-4693-9d3d-70560cc71ccc}</UniqueIdentifier>
    </Filter>
    <Filter Include="lib\Motion\Source Files">
      <UniqueIdentifier>{2383d621-f79e-4eba-a4a9-3b32ff4fa4f9}</UniqueIdentifier>
    </Filter>
    <Filter Include="lib\Motion\Extraction">
      <UniqueIdentifier>{495d1514-8d9d-4997-8d31-c6c9cf4788b6}</UniqueIdentifier>
    </Filter>
    <Filter Include="lib\Motion\Detection">
      <UniqueIdentifier>{1bbcf83f-8daa-4888-8606-77dc9d8454ff}</UniqueIdentifier>
    </Filter>
    <Filter Include="lib\Motion\Extraction\Enum">
      <UniqueIdentifier>{bf5532c4-b4f2-4af2-be82-962a09996fac}</UniqueIdentifier>
    </Filter>
    <Filter Include="Utils">
      <UniqueIdentifier>{5c11a04c-451e-4a77-93a1-84e514221b7b}</UniqueIdentifier>
    </Filter>
  </ItemGroup>
  <ItemGroup>
    <QtUic Include="MainWindow.ui">
      <Filter>Resource Files</Filter>
    </QtUic>
    <QtMoc Include="MainWindow.h">
      <Filter>Header Files</Filter>
    </QtMoc>
    <ClCompile Include="MainWindow.cpp">
      <Filter>Source Files</Filter>
    </ClCompile>
  </ItemGroup>
  <ItemGroup>
    <ClCompile Include="main.cpp">
      <Filter>Source Files</Filter>
    </ClCompile>
    <ClCompile Include="MotionDetection.cpp">
      <Filter>lib\Motion\Detection</Filter>
    </ClCompile>
    <ClCompile Include="MotionExtractorFactory.cpp">
      <Filter>lib\Motion\Extraction</Filter>
    </ClCompile>
    <ClCompile Include="MotionExtractor.cpp">
      <Filter>lib\Motion\Extraction</Filter>
    </ClCompile>
    <ClCompile Include="ComputingWorker.cpp">
      <Filter>Source Files</Filter>
    </ClCompile>
    <ClCompile Include="ComputingController.cpp">
      <Filter>Source Files</Filter>
    </ClCompile>
    <ClCompile Include="cvmatandqimage.cpp">
      <Filter>Utils</Filter>
    </ClCompile>
  </ItemGroup>
  <ItemGroup>
    <QtRcc Include="MainWindow.qrc" />
  </ItemGroup>
  <ItemGroup>
    <ClInclude Include="MotionDetection.h">
      <Filter>lib\Motion\Detection</Filter>
    </ClInclude>
    <ClInclude Include="MotionExtractorFactory.h">
      <Filter>lib\Motion\Extraction</Filter>
    </ClInclude>
    <ClInclude Include="MotionExtractor.h">
      <Filter>lib\Motion\Extraction</Filter>
    </ClInclude>
    <ClInclude Include="ExtractionAlgorithmEnum.h">
      <Filter>lib\Motion\Extraction\Enum</Filter>
    </ClInclude>
    <ClInclude Include="FrameTypeEnum.h">
      <Filter>lib\Motion\Extraction\Enum</Filter>
    </ClInclude>
    <ClInclude Include="cvmatandqimage.h">
      <Filter>Utils</Filter>
    </ClInclude>
  </ItemGroup>
  <ItemGroup>
    <QtMoc Include="ComputingWorker.h">
      <Filter>Header Files</Filter>
    </QtMoc>
    <QtMoc Include="ComputingController.h">
      <Filter>Header Files</Filter>
    </QtMoc>
  </ItemGroup>
</Project>